
Microsoft Visual Studio Solution File, Format Version 12.00
# Visual Studio Version 17
VisualStudioVersion = 17.2.32526.322
MinimumVisualStudioVersion = 10.0.40219.1
Project("{9A19103F-16F7-4668-BE54-9A1E7A4F7556}") = "Ex01", "Ex01\Ex01.csproj", "{095EB5DF-5965-4D68-98FB-4416D0B35926}"
EndProject
Project("{9A19103F-16F7-4668-BE54-9A1E7A4F7556}") = "Ex02", "Ex02\Ex02.csproj", "{C5E9E4DB-E77A-4443-BE8A-6BB581D49D46}"
EndProject
Project("{9A19103F-16F7-4668-BE54-9A1E7A4F7556}") = "Ex03", "Ex03\Ex03.csproj", "{4D63A609-6AEE-41E1-B4FD-4B91C9407D12}"
EndProject
Project("{9A19103F-16F7-4668-BE54-9A1E7A4F7556}") = "Ex04", "Ex04\Ex04.csproj", "{077E31D7-9246-4779-A4BB-88726CB6AAB2}"
EndProject
Global
	GlobalSection(SolutionConfigurationPlatforms) = preSolution
		Debug|Any CPU = Debug|Any CPU
		Release|Any CPU = Release|Any CPU
	EndGlobalSection
	GlobalSection(ProjectConfigurationPlatforms) = postSolution
		{095EB5DF-5965-4D68-98FB-4416D0B35926}.Debug|Any CPU.ActiveCfg = Debug|Any CPU
		{095EB5DF-5965-4D68-98FB-4416D0B35926}.Debug|Any CPU.Build.0 = Debug|Any CPU
		{095EB5DF-5965-4D68-98FB-4416D0B35926}.Release|Any CPU.ActiveCfg = Release|Any CPU
		{095EB5DF-5965-4D68-98FB-4416D0B35926}.Release|Any CPU.Build.0 = Release|Any CPU
		{C5E9E4DB-E77A-4443-BE8A-6BB581D49D46}.Debug|Any CPU.ActiveCfg = Debug|Any CPU
		{C5E9E4DB-E77A-4443-BE8A-6BB581D49D46}.Debug|Any CPU.Build.0 = Debug|Any CPU
		{C5E9E4DB-E77A-4443-BE8A-6BB581D49D46}.Release|Any CPU.ActiveCfg = Release|Any CPU
		{C5E9E4DB-E77A-4443-BE8A-6BB581D49D46}.Release|Any CPU.Build.0 = Release|Any CPU
		{4D63A609-6AEE-41E1-B4FD-4B91C9407D12}.Debug|Any CPU.ActiveCfg = Debug|Any CPU
		{4D63A609-6AEE-41E1-B4FD-4B91C9407D12}.Debug|Any CPU.Build.0 = Debug|Any CPU
		{4D63A609-6AEE-41E1-B4FD-4B91C9407D12}.Release|Any CPU.ActiveCfg = Release|Any CPU
		{4D63A609-6AEE-41E1-B4FD-4B91C9407D12}.Release|Any CPU.Build.0 = Release|Any CPU
		{077E31D7-9246-4779-A4BB-88726CB6AAB2}.Debug|Any CPU.ActiveCfg = Debug|Any CPU
		{077E31D7-9246-4779-A4BB-88726CB6AAB2}.Debug|Any CPU.Build.0 = Debug|Any CPU
		{077E31D7-9246-4779-A4BB-88726CB6AAB2}.Release|Any CPU.ActiveCfg = Release|Any CPU
		{077E31D7-9246-4779-A4BB-88726CB6AAB2}.Release|Any CPU.Build.0 = Release|Any CPU
	EndGlobalSection
	GlobalSection(SolutionProperties) = preSolution
		HideSolutionNode = FALSE
	EndGlobalSection
	GlobalSection(ExtensibilityGlobals) = postSolution
		SolutionGuid = {AD46082A-C069-46E6-B46B-36931BFF6167}
	EndGlobalSection
EndGlobal
