
Microsoft Visual Studio Solution File, Format Version 12.00
# Visual Studio Version 17
VisualStudioVersion = 17.2.32526.322
MinimumVisualStudioVersion = 10.0.40219.1
Project("{FAE04EC0-301F-11D3-BF4B-00C04F79EFBC}") = "Ex01", "Ex01\Ex01.csproj", "{0A95EF2D-5C94-4DA9-BBDF-50E4072C4174}"
EndProject
Global
	GlobalSection(SolutionConfigurationPlatforms) = preSolution
		Debug|Any CPU = Debug|Any CPU
		Release|Any CPU = Release|Any CPU
	EndGlobalSection
	GlobalSection(ProjectConfigurationPlatforms) = postSolution
		{0A95EF2D-5C94-4DA9-BBDF-50E4072C4174}.Debug|Any CPU.ActiveCfg = Debug|Any CPU
		{0A95EF2D-5C94-4DA9-BBDF-50E4072C4174}.Debug|Any CPU.Build.0 = Debug|Any CPU
		{0A95EF2D-5C94-4DA9-BBDF-50E4072C4174}.Release|Any CPU.ActiveCfg = Release|Any CPU
		{0A95EF2D-5C94-4DA9-BBDF-50E4072C4174}.Release|Any CPU.Build.0 = Release|Any CPU
	EndGlobalSection
	GlobalSection(SolutionProperties) = preSolution
		HideSolutionNode = FALSE
	EndGlobalSection
	GlobalSection(ExtensibilityGlobals) = postSolution
		SolutionGuid = {B19F99E4-AAE1-4ED4-A6D8-01588AB34AA1}
	EndGlobalSection
EndGlobal
